# This file is automatically @generated by Cargo.
# It is not intended for manual editing.
version = 4

[[package]]
name = "hip-key-cli"
version = "0.1.0"
dependencies = [
 "hip-key-core",
 "hip-key-lang-vi",
]

[[package]]
name = "hip-key-core"
version = "0.1.0"

[[package]]
name = "hip-key-ffi"
version = "0.1.0"
dependencies = [
 "hip-key-core",
]

[[package]]
name = "hip-key-lang-vi"
version = "0.1.0"
dependencies = [
 "hip-key-core",
]
